# This file is generated by running "yarn install" inside your project.
# Manual changes might be lost - proceed with caution!

__metadata:
  version: 6
  cacheKey: 8

"@grammyjs/i18n@npm:^0.5.1":
  version: 0.5.1
  resolution: "@grammyjs/i18n@npm:0.5.1"
  dependencies:
    compile-template: ^0.3.1
    debug: ^4.0.1
    js-yaml: ^4.0.0
  checksum: aadc5b6de1774c8a7341267b3f6c425e5eb3895e36066037b5df892c3fe2c7d2962b3afb646445fbc1d06e50889c7e99e1ea7eab13c2bbcb506ca1de841448b4
  languageName: node
  linkType: hard

"@grammyjs/menu@npm:^1.1.1":
  version: 1.1.1
  resolution: "@grammyjs/menu@npm:1.1.1"
  peerDependencies:
    grammy: ^1.0.0
  checksum: 5d64520511bf5d94b1ff8109bdeed56c32cdd2da4106e4dc67cde2518ff8dd3c1d6ee541297ce2cb171e42e6068bfa6bd77f63111a34206e075f152374dc29a7
  languageName: node
  linkType: hard

"@grammyjs/runner@npm:^1, @grammyjs/runner@npm:^1.0.3":
  version: 1.0.3
  resolution: "@grammyjs/runner@npm:1.0.3"
  dependencies:
    abort-controller: ^3.0.0
  checksum: f86cf477b9fc3968b3797bb2fdce7a7920288b23bf9c90701adc814a95147a39eb3787093879a2f1a68ed2cdf5f9e193c2150f699ad1e420e77a2ea0b0e5cd2d
  languageName: node
  linkType: hard

"@grammyjs/types@npm:^2.7.0":
  version: 2.7.1
  resolution: "@grammyjs/types@npm:2.7.1"
  checksum: 52b84a4bd9a46d13a8995a30d3e82c5fcc66c94a09b453be8701beb26f9ad950783ea154ecfc916a0f0bafa68714b3314fa054d783cef07fdea5e2a8dabe27e1
  languageName: node
  linkType: hard

"@typegoose/typegoose@npm:^9.8.1":
  version: 9.8.1
  resolution: "@typegoose/typegoose@npm:9.8.1"
  dependencies:
    lodash: ^4.17.20
    loglevel: ^1.8.0
    reflect-metadata: ^0.1.13
    semver: ^7.3.7
    tslib: ^2.3.1
  peerDependencies:
    mongoose: ~6.3.0
  checksum: 14beabf7d77a1d26bc20abdd9cfc1a5a3dc43e987c0c40c478ff809688dec303419bee8ce39a1ba995cd053b337a2ebc983234f24647a8bd2fa950f1308de0bb
  languageName: node
  linkType: hard

"@types/js-yaml@npm:^4.0.5":
  version: 4.0.5
  resolution: "@types/js-yaml@npm:4.0.5"
  checksum: 7dcac8c50fec31643cc9d6444b5503239a861414cdfaa7ae9a38bc22597c4d850c4b8cec3d82d73b3fbca408348ce223b0408d598b32e094470dfffc6d486b4d
  languageName: node
  linkType: hard

"@types/node@npm:*, @types/node@npm:^17.0.30":
  version: 17.0.30
  resolution: "@types/node@npm:17.0.30"
  checksum: b3cd2db6474aae3ddac5a312f340f6e4ca200429371e62cb74698fe7f23d7414d0200f643204ddfaa797846328539359e3797d7f2baaf3cdd643b159cf53baa6
  languageName: node
  linkType: hard

"@types/webidl-conversions@npm:*":
  version: 6.1.1
  resolution: "@types/webidl-conversions@npm:6.1.1"
  checksum: bd0faad4dfec232010d96a42fbd7b5ac4df557899050a6676a75d30ced8553f19e5a3c747fd2b4317f2810d4cf5d2d6dd47ad22ecfb9e6b21119aba678b8897f
  languageName: node
  linkType: hard

"@types/whatwg-url@npm:^8.2.1":
  version: 8.2.1
  resolution: "@types/whatwg-url@npm:8.2.1"
  dependencies:
    "@types/node": "*"
    "@types/webidl-conversions": "*"
  checksum: 975987a9ca14a8d5a883523acb4fa0df7760cd8ca8dee56cd57753821e56060bfbead94df84f4504fe0b4270776d81cbb40fcd1f8643dab86da3a9abe926fb5c
  languageName: node
  linkType: hard

"abort-controller@npm:^3.0.0":
  version: 3.0.0
  resolution: "abort-controller@npm:3.0.0"
  dependencies:
    event-target-shim: ^5.0.0
  checksum: 170bdba9b47b7e65906a28c8ce4f38a7a369d78e2271706f020849c1bfe0ee2067d4261df8bbb66eb84f79208fd5b710df759d64191db58cfba7ce8ef9c54b75
  languageName: node
  linkType: hard

"ansi-regex@npm:^5.0.1":
  version: 5.0.1
  resolution: "ansi-regex@npm:5.0.1"
  checksum: 2aa4bb54caf2d622f1afdad09441695af2a83aa3fe8b8afa581d205e57ed4261c183c4d3877cee25794443fde5876417d859c108078ab788d6af7e4fe52eb66b
  languageName: node
  linkType: hard

"argparse@npm:^2.0.1":
  version: 2.0.1
  resolution: "argparse@npm:2.0.1"
  checksum: 83644b56493e89a254bae05702abf3a1101b4fa4d0ca31df1c9985275a5a5bd47b3c27b7fa0b71098d41114d8ca000e6ed90cad764b306f8a503665e4d517ced
  languageName: node
  linkType: hard

"base64-js@npm:^1.3.1":
  version: 1.5.1
  resolution: "base64-js@npm:1.5.1"
  checksum: 669632eb3745404c2f822a18fc3a0122d2f9a7a13f7fb8b5823ee19d1d2ff9ee5b52c53367176ea4ad093c332fd5ab4bd0ebae5a8e27917a4105a4cfc86b1005
  languageName: node
  linkType: hard

"bson@npm:^4.6.2":
  version: 4.6.3
  resolution: "bson@npm:4.6.3"
  dependencies:
    buffer: ^5.6.0
  checksum: da99222fc14842ce3e693c8bcda5592b43816795c312c57cff8ee11172965e757c4227543234f8fa3469d621e213d86cdd8f8759d6c67a64b971416f850f833c
  languageName: node
  linkType: hard

"buffer-from@npm:^1.0.0":
  version: 1.1.2
  resolution: "buffer-from@npm:1.1.2"
  checksum: 0448524a562b37d4d7ed9efd91685a5b77a50672c556ea254ac9a6d30e3403a517d8981f10e565db24e8339413b43c97ca2951f10e399c6125a0d8911f5679bb
  languageName: node
  linkType: hard

"buffer@npm:^5.6.0":
  version: 5.7.1
  resolution: "buffer@npm:5.7.1"
  dependencies:
    base64-js: ^1.3.1
    ieee754: ^1.1.13
  checksum: e2cf8429e1c4c7b8cbd30834ac09bd61da46ce35f5c22a78e6c2f04497d6d25541b16881e30a019c6fd3154150650ccee27a308eff3e26229d788bbdeb08ab84
  languageName: node
  linkType: hard

"compile-template@npm:^0.3.1":
  version: 0.3.1
  resolution: "compile-template@npm:0.3.1"
  checksum: 0ed10062ac1460d0ece5a9b871f124fd235a278aa25f1c6a696c9c22030de3869ce3db8c286ee3cdb5a731469c9ad708279c8b59fe903f68a549f8628611a985
  languageName: node
  linkType: hard

"cross-spawn@npm:^7.0.3":
  version: 7.0.3
  resolution: "cross-spawn@npm:7.0.3"
  dependencies:
    path-key: ^3.1.0
    shebang-command: ^2.0.0
    which: ^2.0.1
  checksum: 671cc7c7288c3a8406f3c69a3ae2fc85555c04169e9d611def9a675635472614f1c0ed0ef80955d5b6d4e724f6ced67f0ad1bb006c2ea643488fcfef994d7f52
  languageName: node
  linkType: hard

"debug@npm:4.x, debug@npm:^4.0.1, debug@npm:^4.3.4":
  version: 4.3.4
  resolution: "debug@npm:4.3.4"
  dependencies:
    ms: 2.1.2
  peerDependenciesMeta:
    supports-color:
      optional: true
  checksum: 3dbad3f94ea64f34431a9cbf0bafb61853eda57bff2880036153438f50fb5a84f27683ba0d8e5426bf41a8c6ff03879488120cf5b3a761e77953169c0600a708
  languageName: node
  linkType: hard

"denque@npm:^2.0.1":
  version: 2.0.1
  resolution: "denque@npm:2.0.1"
  checksum: ec398d1e3c6c8d4f5213dcf9ad74d7faa3b461e29a0019c9742b49a97ac5e16aa7134db45fa9d841e318e7722dd1ba670a474fde9a5b0d870b3a5fc6fe914c30
  languageName: node
  linkType: hard

"dotenv@npm:^16.0.0":
  version: 16.0.0
  resolution: "dotenv@npm:16.0.0"
  checksum: 664cebb51f0a9a1d1b930f51f0271e72e26d62feaecc9dc03df39453dd494b4e724809ca480fb3ec3213382b1ed3f791aaeb83569a137f9329ce58efd4853dbf
  languageName: node
  linkType: hard

"duplexer@npm:~0.1.1":
  version: 0.1.2
  resolution: "duplexer@npm:0.1.2"
  checksum: 62ba61a830c56801db28ff6305c7d289b6dc9f859054e8c982abd8ee0b0a14d2e9a8e7d086ffee12e868d43e2bbe8a964be55ddbd8c8957714c87373c7a4f9b0
  languageName: node
  linkType: hard

"envalid@npm:^7, envalid@npm:^7.3.1":
  version: 7.3.1
  resolution: "envalid@npm:7.3.1"
  dependencies:
    tslib: 2.3.1
  checksum: dea10ada13e007f684318474a7dd1b528bbe4ed8ca702918e276d26505bd3807f1e93c4045b7acadd1a4639f207ae4c5375ca0afdff973efab9ea7ead655240f
  languageName: node
  linkType: hard

"event-stream@npm:=3.3.4":
  version: 3.3.4
  resolution: "event-stream@npm:3.3.4"
  dependencies:
    duplexer: ~0.1.1
    from: ~0
    map-stream: ~0.1.0
    pause-stream: 0.0.11
    split: 0.3
    stream-combiner: ~0.0.4
    through: ~2.3.1
  checksum: 80b467820b6daf824d9fb4345d2daf115a056e5c104463f2e98534e92d196a27f2df5ea2aa085624db26f4c45698905499e881d13bc7c01f7a13eac85be72a22
  languageName: node
  linkType: hard

"event-target-shim@npm:^5.0.0":
  version: 5.0.1
  resolution: "event-target-shim@npm:5.0.1"
  checksum: 1ffe3bb22a6d51bdeb6bf6f7cf97d2ff4a74b017ad12284cc9e6a279e727dc30a5de6bb613e5596ff4dc3e517841339ad09a7eec44266eccb1aa201a30448166
  languageName: node
  linkType: hard

"from@npm:~0":
  version: 0.1.7
  resolution: "from@npm:0.1.7"
  checksum: b85125b7890489656eb2e4f208f7654a93ec26e3aefaf3bbbcc0d496fc1941e4405834fcc9fe7333192aa2187905510ace70417bbf9ac6f6f4784a731d986939
  languageName: node
  linkType: hard

"grammy-middlewares@npm:^1.0.11":
  version: 1.0.11
  resolution: "grammy-middlewares@npm:1.0.11"
  dependencies:
    "@grammyjs/runner": ^1
    envalid: ^7
    grammy: ^1
  checksum: f18abb2d2d892332a26731e4bf4e9f3cec4098aea944730ab096060ddeef076164281f6b20c64c26d45b68cfe40aea303c4407d95f580b571d8ac908b0e0175c
  languageName: node
  linkType: hard

"grammy@npm:^1, grammy@npm:^1.8.2":
  version: 1.8.2
  resolution: "grammy@npm:1.8.2"
  dependencies:
    "@grammyjs/types": ^2.7.0
    abort-controller: ^3.0.0
    debug: ^4.3.4
    node-fetch: ^2.6.7
  checksum: af0b77426a3a9e2057659497356e923650f0077c23991ae3162512cb55c5975278001c53bd4c3ab0e301c63205da8ebe769c81c84a2e2ca5473a363546fb81e5
  languageName: node
  linkType: hard

"ieee754@npm:^1.1.13":
  version: 1.2.1
  resolution: "ieee754@npm:1.2.1"
  checksum: 5144c0c9815e54ada181d80a0b810221a253562422e7c6c3a60b1901154184f49326ec239d618c416c1c5945a2e197107aee8d986a3dd836b53dffefd99b5e7e
  languageName: node
  linkType: hard

"ip@npm:^1.1.5":
  version: 1.1.5
  resolution: "ip@npm:1.1.5"
  checksum: 30133981f082a060a32644f6a7746e9ba7ac9e2bc07ecc8bbdda3ee8ca9bec1190724c390e45a1ee7695e7edfd2a8f7dda2c104ec5f7ac5068c00648504c7e5a
  languageName: node
  linkType: hard

"isexe@npm:^2.0.0":
  version: 2.0.0
  resolution: "isexe@npm:2.0.0"
  checksum: 26bf6c5480dda5161c820c5b5c751ae1e766c587b1f951ea3fcfc973bafb7831ae5b54a31a69bd670220e42e99ec154475025a468eae58ea262f813fdc8d1c62
  languageName: node
  linkType: hard

"js-yaml@npm:^4.0.0, js-yaml@npm:^4.1.0":
  version: 4.1.0
  resolution: "js-yaml@npm:4.1.0"
  dependencies:
    argparse: ^2.0.1
  bin:
    js-yaml: bin/js-yaml.js
  checksum: c7830dfd456c3ef2c6e355cc5a92e6700ceafa1d14bba54497b34a99f0376cecbb3e9ac14d3e5849b426d5a5140709a66237a8c991c675431271c4ce5504151a
  languageName: node
  linkType: hard

"kareem@npm:2.3.5":
  version: 2.3.5
  resolution: "kareem@npm:2.3.5"
  checksum: eb1b996937e0a7a031230ed56ba2142f35179af5973ff86074921a082375fc3d5df7820b4c7a70b51e7e19c063bf3d735defd5b99a50982095674d68442f4ecb
  languageName: node
  linkType: hard

"lodash@npm:^4.17.20":
  version: 4.17.21
  resolution: "lodash@npm:4.17.21"
  checksum: eb835a2e51d381e561e508ce932ea50a8e5a68f4ebdd771ea240d3048244a8d13658acbd502cd4829768c56f2e16bdd4340b9ea141297d472517b83868e677f7
  languageName: node
  linkType: hard

"loglevel@npm:^1.8.0":
  version: 1.8.0
  resolution: "loglevel@npm:1.8.0"
  checksum: 41aeea17de24aba8dba68084a31fe9189648bce4f39c1277e021bb276c3c53a75b0d337395919cf271068ad40ecefabad0e4fdeb4a8f11908beee532b898f4a7
  languageName: node
  linkType: hard

"lru-cache@npm:^6.0.0":
  version: 6.0.0
  resolution: "lru-cache@npm:6.0.0"
  dependencies:
    yallist: ^4.0.0
  checksum: f97f499f898f23e4585742138a22f22526254fdba6d75d41a1c2526b3b6cc5747ef59c5612ba7375f42aca4f8461950e925ba08c991ead0651b4918b7c978297
  languageName: node
  linkType: hard

"map-stream@npm:~0.1.0":
  version: 0.1.0
  resolution: "map-stream@npm:0.1.0"
  checksum: 38abbe4eb883888031e6b2fc0630bc583c99396be16b8ace5794b937b682a8a081f03e8b15bfd4914d1bc88318f0e9ac73ba3512ae65955cd449f63256ddb31d
  languageName: node
  linkType: hard

"memory-pager@npm:^1.0.2":
  version: 1.5.0
  resolution: "memory-pager@npm:1.5.0"
  checksum: d1a2e684583ef55c61cd3a49101da645b11ad57014dfc565e0b43baa9004b743f7e4ab81493d8fff2ab24e9950987cc3209c94bcc4fc8d7e30a475489a1f15e9
  languageName: node
  linkType: hard

"module-alias@npm:^2.2.2":
  version: 2.2.2
  resolution: "module-alias@npm:2.2.2"
  checksum: 4b5543f834b484033e5bd184096ca8276b9195e32e88883ee6ea8d3a4789d97c470d26f5fa7271bd7a26588bf67e4d27dbdb594ee327aef1c9619d855dc78342
  languageName: node
  linkType: hard

"mongodb-connection-string-url@npm:^2.5.2":
  version: 2.5.2
  resolution: "mongodb-connection-string-url@npm:2.5.2"
  dependencies:
    "@types/whatwg-url": ^8.2.1
    whatwg-url: ^11.0.0
  checksum: bd13af7d62d33e2d6e5217692961e34b2dafbbba5f41d361417257592754df3e925efc00fa8a5e038624e284245dab39e913d5f06ff962feede86d5f58fc5827
  languageName: node
  linkType: hard

"mongodb@npm:4.5.0":
  version: 4.5.0
  resolution: "mongodb@npm:4.5.0"
  dependencies:
    bson: ^4.6.2
    denque: ^2.0.1
    mongodb-connection-string-url: ^2.5.2
    saslprep: ^1.0.3
    socks: ^2.6.2
  dependenciesMeta:
    saslprep:
      optional: true
  checksum: 423974a663c90e6673226a9ad691e8b445ecd43fc4e9e424343644b20c35188bd3d6692dcc2798022cc6b5c6f4391b54747c7543134b46f93cb3da428e5f9246
  languageName: node
  linkType: hard

"mongoose@npm:^6.3.1":
  version: 6.3.1
  resolution: "mongoose@npm:6.3.1"
  dependencies:
    bson: ^4.6.2
    kareem: 2.3.5
    mongodb: 4.5.0
    mpath: 0.8.4
    mquery: 4.0.2
    ms: 2.1.3
    sift: 16.0.0
  checksum: 5a9da91a79b0443c2c787c93cb1f06c1f8ee20a81330116a104730b1e1c5b2b378c89848b50d039c0dbe366a2d67650bcb48c0690aa28176d5c0c8b3f38048ec
  languageName: node
  linkType: hard

"mpath@npm:0.8.4":
  version: 0.8.4
  resolution: "mpath@npm:0.8.4"
  checksum: 06ad1d443766626fa361b67a4eca9cd4c36a71e475e92e8a5c242dbbc9a911adac00ce971177843b48475356df609f847342548da7701a976a2ab4116135caf0
  languageName: node
  linkType: hard

"mquery@npm:4.0.2":
  version: 4.0.2
  resolution: "mquery@npm:4.0.2"
  dependencies:
    debug: 4.x
  checksum: 39ac308294fe26fe214fd117a9a2e92f754ee00193d3d8602b23c13cf677688faf8417fc74fa18940d51358bf04105ce279364a396b35fd23d73d452f860a098
  languageName: node
  linkType: hard

"ms@npm:2.1.2":
  version: 2.1.2
  resolution: "ms@npm:2.1.2"
  checksum: 673cdb2c3133eb050c745908d8ce632ed2c02d85640e2edb3ace856a2266a813b30c613569bf3354fdf4ea7d1a1494add3bfa95e2713baa27d0c2c71fc44f58f
  languageName: node
  linkType: hard

"ms@npm:2.1.3":
  version: 2.1.3
  resolution: "ms@npm:2.1.3"
  checksum: aa92de608021b242401676e35cfa5aa42dd70cbdc082b916da7fb925c542173e36bce97ea3e804923fe92c0ad991434e4a38327e15a1b5b5f945d66df615ae6d
  languageName: node
  linkType: hard

"node-cleanup@npm:^2.1.2":
  version: 2.1.2
  resolution: "node-cleanup@npm:2.1.2"
  checksum: 584cdc3e42560a998b4579f91ed8f936b27011628f3102e5a1093205f0691cdf8d899287d1f2e4d2071ea4ab1d615810bad6dbe2b988ef173a1cbaa76d8165b3
  languageName: node
  linkType: hard

"node-fetch@npm:^2.6.7":
  version: 2.6.7
  resolution: "node-fetch@npm:2.6.7"
  dependencies:
    whatwg-url: ^5.0.0
  peerDependencies:
    encoding: ^0.1.0
  peerDependenciesMeta:
    encoding:
      optional: true
  checksum: 8d816ffd1ee22cab8301c7756ef04f3437f18dace86a1dae22cf81db8ef29c0bf6655f3215cb0cdb22b420b6fe141e64b26905e7f33f9377a7fa59135ea3e10b
  languageName: node
  linkType: hard

"path-key@npm:^3.1.0":
  version: 3.1.1
  resolution: "path-key@npm:3.1.1"
  checksum: 55cd7a9dd4b343412a8386a743f9c746ef196e57c823d90ca3ab917f90ab9f13dd0ded27252ba49dbdfcab2b091d998bc446f6220cd3cea65db407502a740020
  languageName: node
  linkType: hard

"pause-stream@npm:0.0.11":
  version: 0.0.11
  resolution: "pause-stream@npm:0.0.11"
  dependencies:
    through: ~2.3
  checksum: 3c4a14052a638b92e0c96eb00c0d7977df7f79ea28395250c525d197f1fc02d34ce1165d5362e2e6ebbb251524b94a76f3f0d4abc39ab8b016d97449fe15583c
  languageName: node
  linkType: hard

"ps-tree@npm:^1.2.0":
  version: 1.2.0
  resolution: "ps-tree@npm:1.2.0"
  dependencies:
    event-stream: =3.3.4
  bin:
    ps-tree: ./bin/ps-tree.js
  checksum: e635dd00f53d30d31696cf5f95b3a8dbdf9b1aeb36d4391578ce8e8cd22949b7c5536c73b0dc18c78615ea3ddd4be96101166be59ca2e3e3cb1e2f79ba3c7f98
  languageName: node
  linkType: hard

"punycode@npm:^2.1.1":
  version: 2.1.1
  resolution: "punycode@npm:2.1.1"
  checksum: 823bf443c6dd14f669984dea25757b37993f67e8d94698996064035edd43bed8a5a17a9f12e439c2b35df1078c6bec05a6c86e336209eb1061e8025c481168e8
  languageName: node
  linkType: hard

"reflect-metadata@npm:^0.1.13":
  version: 0.1.13
  resolution: "reflect-metadata@npm:0.1.13"
  checksum: 798d379a7b6f6455501145419505c97dd11cbc23857a386add2b9ef15963ccf15a48d9d15507afe01d4cd74116df8a213247200bac00320bd7c11ddeaa5e8fb4
  languageName: node
  linkType: hard

"saslprep@npm:^1.0.3":
  version: 1.0.3
  resolution: "saslprep@npm:1.0.3"
  dependencies:
    sparse-bitfield: ^3.0.3
  checksum: 4fdc0b70fb5e523f977de405e12cca111f1f10dd68a0cfae0ca52c1a7919a94d1556598ba2d35f447655c3b32879846c77f9274c90806f6673248ae3cea6ee43
  languageName: node
  linkType: hard

"semver@npm:^7.3.7":
  version: 7.3.7
  resolution: "semver@npm:7.3.7"
  dependencies:
    lru-cache: ^6.0.0
  bin:
    semver: bin/semver.js
  checksum: 2fa3e877568cd6ce769c75c211beaed1f9fce80b28338cadd9d0b6c40f2e2862bafd62c19a6cff42f3d54292b7c623277bcab8816a2b5521cf15210d43e75232
  languageName: node
  linkType: hard

"shebang-command@npm:^2.0.0":
  version: 2.0.0
  resolution: "shebang-command@npm:2.0.0"
  dependencies:
    shebang-regex: ^3.0.0
  checksum: 6b52fe87271c12968f6a054e60f6bde5f0f3d2db483a1e5c3e12d657c488a15474121a1d55cd958f6df026a54374ec38a4a963988c213b7570e1d51575cea7fa
  languageName: node
  linkType: hard

"shebang-regex@npm:^3.0.0":
  version: 3.0.0
  resolution: "shebang-regex@npm:3.0.0"
  checksum: 1a2bcae50de99034fcd92ad4212d8e01eedf52c7ec7830eedcf886622804fe36884278f2be8be0ea5fde3fd1c23911643a4e0f726c8685b61871c8908af01222
  languageName: node
  linkType: hard

"sift@npm:16.0.0":
  version: 16.0.0
  resolution: "sift@npm:16.0.0"
  checksum: 88d5754afe16fbaf4274223e492f4aa382c44070bc63b84b9dcfe0f16f65ff64361c4e642b2ae65dfe33a85170a6ecc378ca44487302a88835f58fe152e62894
  languageName: node
  linkType: hard

"smart-buffer@npm:^4.2.0":
  version: 4.2.0
  resolution: "smart-buffer@npm:4.2.0"
  checksum: b5167a7142c1da704c0e3af85c402002b597081dd9575031a90b4f229ca5678e9a36e8a374f1814c8156a725d17008ae3bde63b92f9cfd132526379e580bec8b
  languageName: node
  linkType: hard

"socks@npm:^2.6.2":
  version: 2.6.2
  resolution: "socks@npm:2.6.2"
  dependencies:
    ip: ^1.1.5
    smart-buffer: ^4.2.0
  checksum: dd9194293059d737759d5c69273850ad4149f448426249325c4bea0e340d1cf3d266c3b022694b0dcf5d31f759de23657244c481fc1e8322add80b7985c36b5e
  languageName: node
  linkType: hard

"source-map-support@npm:^0.5.21":
  version: 0.5.21
  resolution: "source-map-support@npm:0.5.21"
  dependencies:
    buffer-from: ^1.0.0
    source-map: ^0.6.0
  checksum: 43e98d700d79af1d36f859bdb7318e601dfc918c7ba2e98456118ebc4c4872b327773e5a1df09b0524e9e5063bb18f0934538eace60cca2710d1fa687645d137
  languageName: node
  linkType: hard

"source-map@npm:^0.6.0":
  version: 0.6.1
  resolution: "source-map@npm:0.6.1"
  checksum: 59ce8640cf3f3124f64ac289012c2b8bd377c238e316fb323ea22fbfe83da07d81e000071d7242cad7a23cd91c7de98e4df8830ec3f133cb6133a5f6e9f67bc2
  languageName: node
  linkType: hard

"sparse-bitfield@npm:^3.0.3":
  version: 3.0.3
  resolution: "sparse-bitfield@npm:3.0.3"
  dependencies:
    memory-pager: ^1.0.2
  checksum: 174da88dbbcc783d5dbd26921931cc83830280b8055fb05333786ebe6fc015b9601b24972b3d55920dd2d9f5fb120576fbfa2469b08e5222c9cadf3f05210aab
  languageName: node
  linkType: hard

"split@npm:0.3":
  version: 0.3.3
  resolution: "split@npm:0.3.3"
  dependencies:
    through: 2
  checksum: 2e076634c9637cfdc54ab4387b6a243b8c33b360874a25adf6f327a5647f07cb3bf1c755d515248eb3afee4e382278d01f62c62d87263c118f28065b86f74f02
  languageName: node
  linkType: hard

"stream-combiner@npm:~0.0.4":
  version: 0.0.4
  resolution: "stream-combiner@npm:0.0.4"
  dependencies:
    duplexer: ~0.1.1
  checksum: 844b622cfe8b9de45a6007404f613b60aaf85200ab9862299066204242f89a7c8033b1c356c998aa6cfc630f6cd9eba119ec1c6dc1f93e245982be4a847aee7d
  languageName: node
  linkType: hard

"string-argv@npm:^0.1.1":
  version: 0.1.2
  resolution: "string-argv@npm:0.1.2"
  checksum: 6877bd72af145f6e6eafa932818014a57b2f39225c924562b7fccb50f1fcee73717bbcd5e528fd4d86cec32835c14749c32a9d35f06e0bf96637d1e73158203f
  languageName: node
  linkType: hard

"strip-ansi@npm:^6.0.0":
  version: 6.0.1
  resolution: "strip-ansi@npm:6.0.1"
  dependencies:
    ansi-regex: ^5.0.1
  checksum: f3cd25890aef3ba6e1a74e20896c21a46f482e93df4a06567cebf2b57edabb15133f1f94e57434e0a958d61186087b1008e89c94875d019910a213181a14fc8c
  languageName: node
  linkType: hard

"telegram-bot-starter@workspace:.":
  version: 0.0.0-use.local
  resolution: "telegram-bot-starter@workspace:."
  dependencies:
    "@grammyjs/i18n": ^0.5.1
    "@grammyjs/menu": ^1.1.1
    "@grammyjs/runner": ^1.0.3
    "@typegoose/typegoose": ^9.8.1
    "@types/js-yaml": ^4.0.5
    "@types/node": ^17.0.30
    dotenv: ^16.0.0
    envalid: ^7.3.1
    grammy: ^1.8.2
    grammy-middlewares: ^1.0.11
    js-yaml: ^4.1.0
    module-alias: ^2.2.2
    mongoose: ^6.3.1
    source-map-support: ^0.5.21
    tsc-watch: ^5.0.3
    typescript: ^4.6.4
  languageName: unknown
  linkType: soft

"through@npm:2, through@npm:~2.3, through@npm:~2.3.1":
  version: 2.3.8
  resolution: "through@npm:2.3.8"
  checksum: a38c3e059853c494af95d50c072b83f8b676a9ba2818dcc5b108ef252230735c54e0185437618596c790bbba8fcdaef5b290405981ffa09dce67b1f1bf190cbd
  languageName: node
  linkType: hard

"tr46@npm:^3.0.0":
  version: 3.0.0
  resolution: "tr46@npm:3.0.0"
  dependencies:
    punycode: ^2.1.1
  checksum: 44c3cc6767fb800490e6e9fd64fd49041aa4e49e1f6a012b34a75de739cc9ed3a6405296072c1df8b6389ae139c5e7c6496f659cfe13a04a4bff3a1422981270
  languageName: node
  linkType: hard

"tr46@npm:~0.0.3":
  version: 0.0.3
  resolution: "tr46@npm:0.0.3"
  checksum: 726321c5eaf41b5002e17ffbd1fb7245999a073e8979085dacd47c4b4e8068ff5777142fc6726d6ca1fd2ff16921b48788b87225cbc57c72636f6efa8efbffe3
  languageName: node
  linkType: hard

"tsc-watch@npm:^5.0.3":
  version: 5.0.3
  resolution: "tsc-watch@npm:5.0.3"
  dependencies:
    cross-spawn: ^7.0.3
    node-cleanup: ^2.1.2
    ps-tree: ^1.2.0
    string-argv: ^0.1.1
    strip-ansi: ^6.0.0
  peerDependencies:
    typescript: "*"
  bin:
    tsc-watch: index.js
  checksum: abd63295dd5fda098a45d27912031e6c35a95f1aa20d7a86d6ad1469580400069e6476f2ffd4b88e37886d016443e60b1ae2dbcaf756e324efc67d0fa713fb15
  languageName: node
  linkType: hard

"tslib@npm:2.3.1":
  version: 2.3.1
  resolution: "tslib@npm:2.3.1"
  checksum: de17a98d4614481f7fcb5cd53ffc1aaf8654313be0291e1bfaee4b4bb31a20494b7d218ff2e15017883e8ea9626599b3b0e0229c18383ba9dce89da2adf15cb9
  languageName: node
  linkType: hard

"tslib@npm:^2.3.1":
  version: 2.4.0
  resolution: "tslib@npm:2.4.0"
  checksum: 8c4aa6a3c5a754bf76aefc38026134180c053b7bd2f81338cb5e5ebf96fefa0f417bff221592bf801077f5bf990562f6264fecbc42cd3309b33872cb6fc3b113
  languageName: node
  linkType: hard

"typescript@npm:^4.6.4":
  version: 4.6.4
  resolution: "typescript@npm:4.6.4"
  bin:
    tsc: bin/tsc
    tsserver: bin/tsserver
  checksum: e7bfcc39cd4571a63a54e5ea21f16b8445268b9900bf55aee0e02ad981be576acc140eba24f1af5e3c1457767c96cea6d12861768fb386cf3ffb34013718631a
  languageName: node
  linkType: hard

"typescript@patch:typescript@^4.6.4#~builtin<compat/typescript>":
  version: 4.6.4
  resolution: "typescript@patch:typescript@npm%3A4.6.4#~builtin<compat/typescript>::version=4.6.4&hash=bda367"
  bin:
    tsc: bin/tsc
    tsserver: bin/tsserver
  checksum: 1cb434fbc637d347be90e3a0c6cd05e33c38f941713c8786d3031faf1842c2c148ba91d2fac01e7276b0ae3249b8633f1660e32686cc7a8c6a8fd5361dc52c66
  languageName: node
  linkType: hard

"webidl-conversions@npm:^3.0.0":
  version: 3.0.1
  resolution: "webidl-conversions@npm:3.0.1"
  checksum: c92a0a6ab95314bde9c32e1d0a6dfac83b578f8fa5f21e675bc2706ed6981bc26b7eb7e6a1fab158e5ce4adf9caa4a0aee49a52505d4d13c7be545f15021b17c
  languageName: node
  linkType: hard

"webidl-conversions@npm:^7.0.0":
  version: 7.0.0
  resolution: "webidl-conversions@npm:7.0.0"
  checksum: f05588567a2a76428515333eff87200fae6c83c3948a7482ebb109562971e77ef6dc49749afa58abb993391227c5697b3ecca52018793e0cb4620a48f10bd21b
  languageName: node
  linkType: hard

"whatwg-url@npm:^11.0.0":
  version: 11.0.0
  resolution: "whatwg-url@npm:11.0.0"
  dependencies:
    tr46: ^3.0.0
    webidl-conversions: ^7.0.0
  checksum: ed4826aaa57e66bb3488a4b25c9cd476c46ba96052747388b5801f137dd740b73fde91ad207d96baf9f17fbcc80fc1a477ad65181b5eb5fa718d27c69501d7af
  languageName: node
  linkType: hard

"whatwg-url@npm:^5.0.0":
  version: 5.0.0
  resolution: "whatwg-url@npm:5.0.0"
  dependencies:
    tr46: ~0.0.3
    webidl-conversions: ^3.0.0
  checksum: b8daed4ad3356cc4899048a15b2c143a9aed0dfae1f611ebd55073310c7b910f522ad75d727346ad64203d7e6c79ef25eafd465f4d12775ca44b90fa82ed9e2c
  languageName: node
  linkType: hard

"which@npm:^2.0.1":
  version: 2.0.2
  resolution: "which@npm:2.0.2"
  dependencies:
    isexe: ^2.0.0
  bin:
    node-which: ./bin/node-which
  checksum: 1a5c563d3c1b52d5f893c8b61afe11abc3bab4afac492e8da5bde69d550de701cf9806235f20a47b5c8fa8a1d6a9135841de2596535e998027a54589000e66d1
  languageName: node
  linkType: hard

"yallist@npm:^4.0.0":
  version: 4.0.0
  resolution: "yallist@npm:4.0.0"
  checksum: 343617202af32df2a15a3be36a5a8c0c8545208f3d3dfbc6bb7c3e3b7e8c6f8e7485432e4f3b88da3031a6e20afa7c711eded32ddfb122896ac5d914e75848d5
  languageName: node
  linkType: hard
